// !$*UTF8*$!
{
	archiveVersion = 1;
	classes = {
	};
	objectVersion = 46;
	objects = {

/* Begin PBXBuildFile section */
		0A12747A1C7AC3CB004C1218 /* AllListsViewController.swift in Sources */ = {isa = PBXBuildFile; fileRef = 0A1274791C7AC3CB004C1218 /* AllListsViewController.swift */; };
		0A12747C1C7ACFAB004C1218 /* Checklist.swift in Sources */ = {isa = PBXBuildFile; fileRef = 0A12747B1C7ACFAB004C1218 /* Checklist.swift */; };
		0A1CF9A81C8233590004010F /* DataModel.swift in Sources */ = {isa = PBXBuildFile; fileRef = 0A1CF9A71C8233590004010F /* DataModel.swift */; };
		0A1CF9AA1C8279FC0004010F /* IconPickerViewController.swift in Sources */ = {isa = PBXBuildFile; fileRef = 0A1CF9A91C8279FC0004010F /* IconPickerViewController.swift */; };
		0A1F8ED21C78324B007CCAFC /* ItemDetailViewController.swift in Sources */ = {isa = PBXBuildFile; fileRef = 0A1F8ED11C78324B007CCAFC /* ItemDetailViewController.swift */; };
		0A23FCCF1C7B8CE300B7BDC5 /* ListDetailViewController.swift in Sources */ = {isa = PBXBuildFile; fileRef = 0A23FCCE1C7B8CE300B7BDC5 /* ListDetailViewController.swift */; };
		0A412B1C1C769BFF006D0865 /* ChecklistItem.swift in Sources */ = {isa = PBXBuildFile; fileRef = 0A412B1B1C769BFF006D0865 /* ChecklistItem.swift */; };
		0A76C9F51CDEF031005D9433 /* Fabric.framework in Frameworks */ = {isa = PBXBuildFile; fileRef = 0A76C9F31CDEF031005D9433 /* Fabric.framework */; };
		0A76C9F61CDEF031005D9433 /* Crashlytics.framework in Frameworks */ = {isa = PBXBuildFile; fileRef = 0A76C9F41CDEF031005D9433 /* Crashlytics.framework */; };
		0A9F4D0C1C756A51002294FF /* AppDelegate.swift in Sources */ = {isa = PBXBuildFile; fileRef = 0A9F4D0B1C756A51002294FF /* AppDelegate.swift */; };
		0A9F4D0E1C756A51002294FF /* ChecklistViewController.swift in Sources */ = {isa = PBXBuildFile; fileRef = 0A9F4D0D1C756A51002294FF /* ChecklistViewController.swift */; };
		0A9F4D111C756A51002294FF /* Main.storyboard in Resources */ = {isa = PBXBuildFile; fileRef = 0A9F4D0F1C756A51002294FF /* Main.storyboard */; };
		0A9F4D131C756A51002294FF /* Assets.xcassets in Resources */ = {isa = PBXBuildFile; fileRef = 0A9F4D121C756A51002294FF /* Assets.xcassets */; };
		0A9F4D161C756A51002294FF /* LaunchScreen.storyboard in Resources */ = {isa = PBXBuildFile; fileRef = 0A9F4D141C756A51002294FF /* LaunchScreen.storyboard */; };
/* End PBXBuildFile section */

/* Begin PBXFileReference section */
		0A1274791C7AC3CB004C1218 /* AllListsViewController.swift */ = {isa = PBXFileReference; fileEncoding = 4; lastKnownFileType = sourcecode.swift; path = AllListsViewController.swift; sourceTree = "<group>"; };
		0A12747B1C7ACFAB004C1218 /* Checklist.swift */ = {isa = PBXFileReference; fileEncoding = 4; lastKnownFileType = sourcecode.swift; path = Checklist.swift; sourceTree = "<group>"; };
		0A1CF9A71C8233590004010F /* DataModel.swift */ = {isa = PBXFileReference; fileEncoding = 4; lastKnownFileType = sourcecode.swift; path = DataModel.swift; sourceTree = "<group>"; };
		0A1CF9A91C8279FC0004010F /* IconPickerViewController.swift */ = {isa = PBXFileReference; fileEncoding = 4; lastKnownFileType = sourcecode.swift; path = IconPickerViewController.swift; sourceTree = "<group>"; };
		0A1F8ED11C78324B007CCAFC /* ItemDetailViewController.swift */ = {isa = PBXFileReference; fileEncoding = 4; lastKnownFileType = sourcecode.swift; lineEnding = 0; path = ItemDetailViewController.swift; sourceTree = "<group>"; xcLanguageSpecificationIdentifier = xcode.lang.swift; };
		0A23FCCE1C7B8CE300B7BDC5 /* ListDetailViewController.swift */ = {isa = PBXFileReference; fileEncoding = 4; lastKnownFileType = sourcecode.swift; path = ListDetailViewController.swift; sourceTree = "<group>"; };
		0A412B1B1C769BFF006D0865 /* ChecklistItem.swift */ = {isa = PBXFileReference; fileEncoding = 4; lastKnownFileType = sourcecode.swift; path = ChecklistItem.swift; sourceTree = "<group>"; };
		0A76C9F31CDEF031005D9433 /* Fabric.framework */ = {isa = PBXFileReference; lastKnownFileType = wrapper.framework; path = Fabric.framework; sourceTree = SOURCE_ROOT; };
		0A76C9F41CDEF031005D9433 /* Crashlytics.framework */ = {isa = PBXFileReference; lastKnownFileType = wrapper.framework; path = Crashlytics.framework; sourceTree = SOURCE_ROOT; };
		0A9F4D081C756A51002294FF /* ToDoLists.app */ = {isa = PBXFileReference; explicitFileType = wrapper.application; includeInIndex = 0; path = ToDoLists.app; sourceTree = BUILT_PRODUCTS_DIR; };
		0A9F4D0B1C756A51002294FF /* AppDelegate.swift */ = {isa = PBXFileReference; lastKnownFileType = sourcecode.swift; path = AppDelegate.swift; sourceTree = "<group>"; };
		0A9F4D0D1C756A51002294FF /* ChecklistViewController.swift */ = {isa = PBXFileReference; lastKnownFileType = sourcecode.swift; lineEnding = 0; path = ChecklistViewController.swift; sourceTree = "<group>"; xcLanguageSpecificationIdentifier = xcode.lang.swift; };
		0A9F4D101C756A51002294FF /* Base */ = {isa = PBXFileReference; lastKnownFileType = file.storyboard; name = Base; path = Base.lproj/Main.storyboard; sourceTree = "<group>"; };
		0A9F4D121C756A51002294FF /* Assets.xcassets */ = {isa = PBXFileReference; lastKnownFileType = folder.assetcatalog; path = Assets.xcassets; sourceTree = "<group>"; };
		0A9F4D151C756A51002294FF /* Base */ = {isa = PBXFileReference; lastKnownFileType = file.storyboard; name = Base; path = Base.lproj/LaunchScreen.storyboard; sourceTree = "<group>"; };
		0A9F4D171C756A51002294FF /* Info.plist */ = {isa = PBXFileReference; lastKnownFileType = text.plist.xml; path = Info.plist; sourceTree = "<group>"; };
/* End PBXFileReference section */

/* Begin PBXFrameworksBuildPhase section */
		0A9F4D051C756A51002294FF /* Frameworks */ = {
			isa = PBXFrameworksBuildPhase;
			buildActionMask = 2147483647;
			files = (
				0A76C9F61CDEF031005D9433 /* Crashlytics.framework in Frameworks */,
				0A76C9F51CDEF031005D9433 /* Fabric.framework in Frameworks */,
			);
			runOnlyForDeploymentPostprocessing = 0;
		};
/* End PBXFrameworksBuildPhase section */

/* Begin PBXGroup section */
		0A9F4CFF1C756A51002294FF = {
			isa = PBXGroup;
			children = (
				0A9F4D0A1C756A51002294FF /* Checklists */,
				0A9F4D091C756A51002294FF /* Products */,
			);
			sourceTree = "<group>";
		};
		0A9F4D091C756A51002294FF /* Products */ = {
			isa = PBXGroup;
			children = (
				0A9F4D081C756A51002294FF /* ToDoLists.app */,
			);
			name = Products;
			sourceTree = "<group>";
		};
		0A9F4D0A1C756A51002294FF /* Checklists */ = {
			isa = PBXGroup;
			children = (
				0A9F4D0B1C756A51002294FF /* AppDelegate.swift */,
				0A9F4D0D1C756A51002294FF /* ChecklistViewController.swift */,
				0A9F4D0F1C756A51002294FF /* Main.storyboard */,
				0A9F4D121C756A51002294FF /* Assets.xcassets */,
				0A9F4D141C756A51002294FF /* LaunchScreen.storyboard */,
				0A9F4D171C756A51002294FF /* Info.plist */,
				0A412B1B1C769BFF006D0865 /* ChecklistItem.swift */,
				0A1F8ED11C78324B007CCAFC /* ItemDetailViewController.swift */,
				0A1274791C7AC3CB004C1218 /* AllListsViewController.swift */,
				0A12747B1C7ACFAB004C1218 /* Checklist.swift */,
				0A23FCCE1C7B8CE300B7BDC5 /* ListDetailViewController.swift */,
				0A76C9F31CDEF031005D9433 /* Fabric.framework */,
				0A76C9F41CDEF031005D9433 /* Crashlytics.framework */,
				0A1CF9A71C8233590004010F /* DataModel.swift */,
				0A1CF9A91C8279FC0004010F /* IconPickerViewController.swift */,
			);
			path = Checklists;
			sourceTree = "<group>";
		};
/* End PBXGroup section */

/* Begin PBXNativeTarget section */
		0A9F4D071C756A51002294FF /* ToDoLists */ = {
			isa = PBXNativeTarget;
			buildConfigurationList = 0A9F4D1A1C756A51002294FF /* Build configuration list for PBXNativeTarget "ToDoLists" */;
			buildPhases = (
				0A9F4D041C756A51002294FF /* Sources */,
				0A9F4D051C756A51002294FF /* Frameworks */,
				0A9F4D061C756A51002294FF /* Resources */,
				0A76C9F21CDEEFDB005D9433 /* ShellScript */,
			);
			buildRules = (
			);
			dependencies = (
			);
			name = ToDoLists;
			productName = Checklists;
			productReference = 0A9F4D081C756A51002294FF /* ToDoLists.app */;
			productType = "com.apple.product-type.application";
		};
/* End PBXNativeTarget section */

/* Begin PBXProject section */
		0A9F4D001C756A51002294FF /* Project object */ = {
			isa = PBXProject;
			attributes = {
				LastSwiftUpdateCheck = 0720;
				LastUpgradeCheck = 0720;
				ORGANIZATIONNAME = "abhinay reddy keesara";
				TargetAttributes = {
					0A9F4D071C756A51002294FF = {
						CreatedOnToolsVersion = 7.2;
						DevelopmentTeam = 5N9JLDH848;
					};
				};
			};
			buildConfigurationList = 0A9F4D031C756A51002294FF /* Build configuration list for PBXProject "ToDoLists" */;
			compatibilityVersion = "Xcode 3.2";
			developmentRegion = English;
			hasScannedForEncodings = 0;
			knownRegions = (
				en,
				Base,
			);
			mainGroup = 0A9F4CFF1C756A51002294FF;
			productRefGroup = 0A9F4D091C756A51002294FF /* Products */;
			projectDirPath = "";
			projectRoot = "";
			targets = (
				0A9F4D071C756A51002294FF /* ToDoLists */,
			);
		};
/* End PBXProject section */

/* Begin PBXResourcesBuildPhase section */
		0A9F4D061C756A51002294FF /* Resources */ = {
			isa = PBXResourcesBuildPhase;
			buildActionMask = 2147483647;
			files = (
				0A9F4D161C756A51002294FF /* LaunchScreen.storyboard in Resources */,
				0A9F4D131C756A51002294FF /* Assets.xcassets in Resources */,
				0A9F4D111C756A51002294FF /* Main.storyboard in Resources */,
			);
			runOnlyForDeploymentPostprocessing = 0;
		};
/* End PBXResourcesBuildPhase section */

/* Begin PBXShellScriptBuildPhase section */
		0A76C9F21CDEEFDB005D9433 /* ShellScript */ = {
			isa = PBXShellScriptBuildPhase;
			buildActionMask = 2147483647;
			files = (
			);
			inputPaths = (
			);
			outputPaths = (
			);
			runOnlyForDeploymentPostprocessing = 0;
			shellPath = /bin/sh;
			shellScript = "./Fabric.framework/run 923d951ae6b85a4a244087cfe2012322ca23d047 734ca511ec40e4be925c9e98df0c687f064e776436dd006dae8bd65b78e74bdb";
		};
/* End PBXShellScriptBuildPhase section */

/* Begin PBXSourcesBuildPhase section */
		0A9F4D041C756A51002294FF /* Sources */ = {
			isa = PBXSourcesBuildPhase;
			buildActionMask = 2147483647;
			files = (
				0A9F4D0E1C756A51002294FF /* ChecklistViewController.swift in Sources */,
				0A23FCCF1C7B8CE300B7BDC5 /* ListDetailViewController.swift in Sources */,
				0A1F8ED21C78324B007CCAFC /* ItemDetailViewController.swift in Sources */,
				0A1CF9AA1C8279FC0004010F /* IconPickerViewController.swift in Sources */,
				0A12747C1C7ACFAB004C1218 /* Checklist.swift in Sources */,
				0A412B1C1C769BFF006D0865 /* ChecklistItem.swift in Sources */,
				0A1CF9A81C8233590004010F /* DataModel.swift in Sources */,
				0A12747A1C7AC3CB004C1218 /* AllListsViewController.swift in Sources */,
				0A9F4D0C1C756A51002294FF /* AppDelegate.swift in Sources */,
			);
			runOnlyForDeploymentPostprocessing = 0;
		};
/* End PBXSourcesBuildPhase section */

/* Begin PBXVariantGroup section */
		0A9F4D0F1C756A51002294FF /* Main.storyboard */ = {
			isa = PBXVariantGroup;
			children = (
				0A9F4D101C756A51002294FF /* Base */,
			);
			name = Main.storyboard;
			sourceTree = "<group>";
		};
		0A9F4D141C756A51002294FF /* LaunchScreen.storyboard */ = {
			isa = PBXVariantGroup;
			children = (
				0A9F4D151C756A51002294FF /* Base */,
			);
			name = LaunchScreen.storyboard;
			sourceTree = "<group>";
		};
/* End PBXVariantGroup section */

/* Begin XCBuildConfiguration section */
		0A9F4D181C756A51002294FF /* Debug */ = {
			isa = XCBuildConfiguration;
			buildSettings = {
				ALWAYS_SEARCH_USER_PATHS = NO;
				CLANG_CXX_LANGUAGE_STANDARD = "gnu++0x";
				CLANG_CXX_LIBRARY = "libc++";
				CLANG_ENABLE_MODULES = YES;
				CLANG_ENABLE_OBJC_ARC = YES;
				CLANG_WARN_BOOL_CONVERSION = YES;
				CLANG_WARN_CONSTANT_CONVERSION = YES;
				CLANG_WARN_DIRECT_OBJC_ISA_USAGE = YES_ERROR;
				CLANG_WARN_EMPTY_BODY = YES;
				CLANG_WARN_ENUM_CONVERSION = YES;
				CLANG_WARN_INT_CONVERSION = YES;
				CLANG_WARN_OBJC_ROOT_CLASS = YES_ERROR;
				CLANG_WARN_UNREACHABLE_CODE = YES;
				CLANG_WARN__DUPLICATE_METHOD_MATCH = YES;
				"CODE_SIGN_IDENTITY[sdk=iphoneos*]" = "iPhone Developer";
				COPY_PHASE_STRIP = NO;
				DEBUG_INFORMATION_FORMAT = dwarf;
				ENABLE_STRICT_OBJC_MSGSEND = YES;
				ENABLE_TESTABILITY = YES;
				GCC_C_LANGUAGE_STANDARD = gnu99;
				GCC_DYNAMIC_NO_PIC = NO;
				GCC_NO_COMMON_BLOCKS = YES;
				GCC_OPTIMIZATION_LEVEL = 0;
				GCC_PREPROCESSOR_DEFINITIONS = (
					"DEBUG=1",
					"$(inherited)",
				);
				GCC_WARN_64_TO_32_BIT_CONVERSION = YES;
				GCC_WARN_ABOUT_RETURN_TYPE = YES_ERROR;
				GCC_WARN_UNDECLARED_SELECTOR = YES;
				GCC_WARN_UNINITIALIZED_AUTOS = YES_AGGRESSIVE;
				GCC_WARN_UNUSED_FUNCTION = YES;
				GCC_WARN_UNUSED_VARIABLE = YES;
				IPHONEOS_DEPLOYMENT_TARGET = 9.2;
				MTL_ENABLE_DEBUG_INFO = YES;
				ONLY_ACTIVE_ARCH = YES;
				SDKROOT = iphoneos;
				SWIFT_OPTIMIZATION_LEVEL = "-Onone";
			};
			name = Debug;
		};
		0A9F4D191C756A51002294FF /* Release */ = {
			isa = XCBuildConfiguration;
			buildSettings = {
				ALWAYS_SEARCH_USER_PATHS = NO;
				CLANG_CXX_LANGUAGE_STANDARD = "gnu++0x";
				CLANG_CXX_LIBRARY = "libc++";
				CLANG_ENABLE_MODULES = YES;
				CLANG_ENABLE_OBJC_ARC = YES;
				CLANG_WARN_BOOL_CONVERSION = YES;
				CLANG_WARN_CONSTANT_CONVERSION = YES;
				CLANG_WARN_DIRECT_OBJC_ISA_USAGE = YES_ERROR;
				CLANG_WARN_EMPTY_BODY = YES;
				CLANG_WARN_ENUM_CONVERSION = YES;
				CLANG_WARN_INT_CONVERSION = YES;
				CLANG_WARN_OBJC_ROOT_CLASS = YES_ERROR;
				CLANG_WARN_UNREACHABLE_CODE = YES;
				CLANG_WARN__DUPLICATE_METHOD_MATCH = YES;
				"CODE_SIGN_IDENTITY[sdk=iphoneos*]" = "iPhone Developer";
				COPY_PHASE_STRIP = NO;
				DEBUG_INFORMATION_FORMAT = "dwarf-with-dsym";
				ENABLE_NS_ASSERTIONS = NO;
				ENABLE_STRICT_OBJC_MSGSEND = YES;
				GCC_C_LANGUAGE_STANDARD = gnu99;
				GCC_NO_COMMON_BLOCKS = YES;
				GCC_WARN_64_TO_32_BIT_CONVERSION = YES;
				GCC_WARN_ABOUT_RETURN_TYPE = YES_ERROR;
				GCC_WARN_UNDECLARED_SELECTOR = YES;
				GCC_WARN_UNINITIALIZED_AUTOS = YES_AGGRESSIVE;
				GCC_WARN_UNUSED_FUNCTION = YES;
				GCC_WARN_UNUSED_VARIABLE = YES;
				IPHONEOS_DEPLOYMENT_TARGET = 9.2;
				MTL_ENABLE_DEBUG_INFO = NO;
				SDKROOT = iphoneos;
				VALIDATE_PRODUCT = YES;
			};
			name = Release;
		};
		0A9F4D1B1C756A51002294FF /* Debug */ = {
			isa = XCBuildConfiguration;
			buildSettings = {
				ASSETCATALOG_COMPILER_APPICON_NAME = AppIcon;
				CODE_SIGN_IDENTITY = "iPhone Developer";
				"CODE_SIGN_IDENTITY[sdk=iphoneos*]" = "iPhone Developer";
				DEBUG_INFORMATION_FORMAT = "dwarf-with-dsym";
				FRAMEWORK_SEARCH_PATHS = (
					"$(inherited)",
					"$(PROJECT_DIR)",
				);
				INFOPLIST_FILE = Checklists/Info.plist;
				IPHONEOS_DEPLOYMENT_TARGET = 9.0;
				LD_RUNPATH_SEARCH_PATHS = "$(inherited) @executable_path/Frameworks";
				PRODUCT_BUNDLE_IDENTIFIER = ark.ToDoLists;
				PRODUCT_NAME = ToDoLists;
				PROVISIONING_PROFILE = "";
				TARGETED_DEVICE_FAMILY = "1,2";
			};
			name = Debug;
		};
		0A9F4D1C1C756A51002294FF /* Release */ = {
			isa = XCBuildConfiguration;
			buildSettings = {
				ASSETCATALOG_COMPILER_APPICON_NAME = AppIcon;
				CODE_SIGN_IDENTITY = "iPhone Developer";
				"CODE_SIGN_IDENTITY[sdk=iphoneos*]" = "iPhone Developer";
				FRAMEWORK_SEARCH_PATHS = (
					"$(inherited)",
					"$(PROJECT_DIR)",
				);
				INFOPLIST_FILE = Checklists/Info.plist;
				IPHONEOS_DEPLOYMENT_TARGET = 9.0;
				LD_RUNPATH_SEARCH_PATHS = "$(inherited) @executable_path/Frameworks";
				PRODUCT_BUNDLE_IDENTIFIER = ark.ToDoLists;
				PRODUCT_NAME = ToDoLists;
				PROVISIONING_PROFILE = "";
				TARGETED_DEVICE_FAMILY = "1,2";
			};
			name = Release;
		};
/* End XCBuildConfiguration section */

/* Begin XCConfigurationList section */
		0A9F4D031C756A51002294FF /* Build configuration list for PBXProject "ToDoLists" */ = {
			isa = XCConfigurationList;
			buildConfigurations = (
				0A9F4D181C756A51002294FF /* Debug */,
				0A9F4D191C756A51002294FF /* Release */,
			);
			defaultConfigurationIsVisible = 0;
			defaultConfigurationName = Release;
		};
		0A9F4D1A1C756A51002294FF /* Build configuration list for PBXNativeTarget "ToDoLists" */ = {
			isa = XCConfigurationList;
			buildConfigurations = (
				0A9F4D1B1C756A51002294FF /* Debug */,
				0A9F4D1C1C756A51002294FF /* Release */,
			);
			defaultConfigurationIsVisible = 0;
			defaultConfigurationName = Release;
		};
/* End XCConfigurationList section */
	};
	rootObject = 0A9F4D001C756A51002294FF /* Project object */;
}
